{
    "version": 3,
    "terraform_version": "0.7.0",
    "serial": 13,
    "lineage": "ac579c94-ffa0-4b77-838b-ab01cdf94364",
    "modules": [
        {
            "path": [
                "root"
            ],
            "outputs": {},
            "resources": {}
        },
        {
            "path": [
                "root",
                "api_gateway"
            ],
            "outputs": {},
            "resources": {
                "aws_api_gateway_deployment.deployment": {
                    "type": "aws_api_gateway_deployment",
                    "depends_on": [
                        "aws_api_gateway_integration.foo_get_endpoint_integration",
                        "aws_api_gateway_rest_api.foo_api"
                    ],
                    "primary": {
                        "id": "t2mof5",
                        "attributes": {
                            "description": "",
                            "id": "t2mof5",
                            "rest_api_id": "2obqate0r8",
                            "stage_name": "dev",
                            "variables.%": "1",
                            "variables.functionAlias": "dev"
                        }
                    }
                },
                "aws_api_gateway_integration.foo_get_endpoint_integration": {
                    "type": "aws_api_gateway_integration",
                    "depends_on": [
                        "aws_api_gateway_method.foo_get_endpoint_method",
                        "aws_api_gateway_resource.foo_resource",
                        "aws_api_gateway_rest_api.foo_api"
                    ],
                    "primary": {
                        "id": "agi-2obqate0r8-lce7c4-GET",
                        "attributes": {
                            "credentials": "arn:aws:iam::124223853155:role/gateway_invoke_lambda",
                            "http_method": "GET",
                            "id": "agi-2obqate0r8-lce7c4-GET",
                            "integration_http_method": "POST",
                            "passthrough_behavior": "WHEN_NO_MATCH",
                            "request_templates.%": "1",
                            "request_templates.application/json": "{\n  \"body\" : $input.json('$'),\n  \"headers\": {\n    #foreach($header in $input.params().header.keySet())\n    \"$header\": \"$util.escapeJavaScript($input.params().header.get($header))\" #if($foreach.hasNext),#end\n    #end\n  },\n  \"method\": \"$context.httpMethod\",\n  \"params\": {\n    #foreach($param in $input.params().path.keySet())\n    \"$param\": \"$util.escapeJavaScript($input.params().path.get($param))\" #if($foreach.hasNext),#end\n    #end\n  },\n  \"query\": {\n    #foreach($queryParam in $input.params().querystring.keySet())\n    \"$queryParam\": \"$util.escapeJavaScript($input.params().querystring.get($queryParam))\" #if($foreach.hasNext),#end\n    #end\n  }\n}",
                            "resource_id": "lce7c4",
                            "rest_api_id": "2obqate0r8",
                            "type": "AWS",
                            "uri": "arn:aws:apigateway:us-west-2:lambda:path/2015-03-31/functions/arn:aws:lambda:us-west-2:124223853155:function:apex-lambda_hello/invocations"
                        }
                    }
                },
                "aws_api_gateway_integration_response.foo_get_endpoint_integration_response": {
                    "type": "aws_api_gateway_integration_response",
                    "depends_on": [
                        "aws_api_gateway_method.foo_get_endpoint_method",
                        "aws_api_gateway_method_response.200",
                        "aws_api_gateway_resource.foo_resource",
                        "aws_api_gateway_rest_api.foo_api"
                    ],
                    "primary": {
                        "id": "agir-2obqate0r8-lce7c4-GET-200",
                        "attributes": {
                            "http_method": "GET",
                            "id": "agir-2obqate0r8-lce7c4-GET-200",
                            "resource_id": "lce7c4",
                            "response_templates.%": "0",
                            "rest_api_id": "2obqate0r8",
                            "selection_pattern": "",
                            "status_code": "200"
                        }
                    }
                },
                "aws_api_gateway_method.foo_get_endpoint_method": {
                    "type": "aws_api_gateway_method",
                    "depends_on": [
                        "aws_api_gateway_resource.foo_resource",
                        "aws_api_gateway_rest_api.foo_api"
                    ],
                    "primary": {
                        "id": "agm-2obqate0r8-lce7c4-GET",
                        "attributes": {
                            "api_key_required": "false",
                            "authorization": "NONE",
                            "http_method": "GET",
                            "id": "agm-2obqate0r8-lce7c4-GET",
                            "resource_id": "lce7c4",
                            "rest_api_id": "2obqate0r8"
                        }
                    }
                },
                "aws_api_gateway_method_response.200": {
                    "type": "aws_api_gateway_method_response",
                    "depends_on": [
                        "aws_api_gateway_method.foo_get_endpoint_method",
                        "aws_api_gateway_resource.foo_resource",
                        "aws_api_gateway_rest_api.foo_api"
                    ],
                    "primary": {
                        "id": "agmr-2obqate0r8-lce7c4-GET-200",
                        "attributes": {
                            "http_method": "GET",
                            "id": "agmr-2obqate0r8-lce7c4-GET-200",
                            "resource_id": "lce7c4",
                            "response_models.%": "0",
                            "rest_api_id": "2obqate0r8",
                            "status_code": "200"
                        }
                    }
                },
                "aws_api_gateway_resource.foo_resource": {
                    "type": "aws_api_gateway_resource",
                    "depends_on": [
                        "aws_api_gateway_rest_api.foo_api",
                        "aws_api_gateway_rest_api.foo_api"
                    ],
                    "primary": {
                        "id": "lce7c4",
                        "attributes": {
                            "id": "lce7c4",
                            "parent_id": "fcmxx878fa",
                            "path": "/foo",
                            "path_part": "foo",
                            "rest_api_id": "2obqate0r8"
                        }
                    }
                },
                "aws_api_gateway_rest_api.foo_api": {
                    "type": "aws_api_gateway_rest_api",
                    "primary": {
                        "id": "2obqate0r8",
                        "attributes": {
                            "description": "This API was created using terraform :)",
                            "id": "2obqate0r8",
                            "name": "foo_api",
                            "root_resource_id": "fcmxx878fa"
                        }
                    }
                }
            }
        },
        {
            "path": [
                "root",
                "iam"
            ],
            "outputs": {
                "gateway_invoke_lambda_role_arn": {
                    "sensitive": false,
                    "type": "string",
                    "value": "arn:aws:iam::124223853155:role/gateway_invoke_lambda"
                },
                "lambda_function_role_id": {
                    "sensitive": false,
                    "type": "string",
                    "value": "arn:aws:iam::124223853155:role/lambda_function"
                }
            },
            "resources": {
                "aws_iam_role.gateway_invoke_lambda": {
                    "type": "aws_iam_role",
                    "primary": {
                        "id": "gateway_invoke_lambda",
                        "attributes": {
                            "arn": "arn:aws:iam::124223853155:role/gateway_invoke_lambda",
                            "assume_role_policy": "{\n  \"Version\": \"2012-10-17\",\n  \"Statement\": [\n    {\n      \"Sid\": \"\",\n      \"Effect\": \"Allow\",\n      \"Principal\": {\n        \"Service\": \"apigateway.amazonaws.com\"\n      },\n      \"Action\": \"sts:AssumeRole\"\n    }\n  ]\n}\n",
                            "id": "gateway_invoke_lambda",
                            "name": "gateway_invoke_lambda",
                            "path": "/",
                            "unique_id": "AROAJMYS6NEBMNM3O7DIQ"
                        }
                    }
                },
                "aws_iam_role.lambda_function": {
                    "type": "aws_iam_role",
                    "primary": {
                        "id": "lambda_function",
                        "attributes": {
                            "arn": "arn:aws:iam::124223853155:role/lambda_function",
                            "assume_role_policy": "{\n  \"Version\": \"2012-10-17\",\n  \"Statement\": [\n    {\n      \"Effect\": \"Allow\",\n      \"Principal\": {\n        \"Service\": \"lambda.amazonaws.com\"\n      },\n      \"Action\": \"sts:AssumeRole\"\n    }\n  ]\n}\n",
                            "id": "lambda_function",
                            "name": "lambda_function",
                            "path": "/",
                            "unique_id": "AROAJUB34CGFCWTZ7ADP4"
                        }
                    }
                },
                "aws_iam_role_policy.cloudwatchlogs_full_access": {
                    "type": "aws_iam_role_policy",
                    "depends_on": [
                        "aws_iam_role.lambda_function"
                    ],
                    "primary": {
                        "id": "lambda_function:cloudwatchlogs_full_access",
                        "attributes": {
                            "id": "lambda_function:cloudwatchlogs_full_access",
                            "name": "cloudwatchlogs_full_access",
                            "policy": "{\n  \"Version\": \"2012-10-17\",\n  \"Statement\": [\n    {\n      \"Action\": [\n        \"logs:*\"\n      ],\n      \"Effect\": \"Allow\",\n      \"Resource\": \"*\"\n    }\n  ]\n}\n",
                            "role": "lambda_function"
                        }
                    }
                },
                "aws_iam_role_policy.invoke_lambda": {
                    "type": "aws_iam_role_policy",
                    "depends_on": [
                        "aws_iam_role.gateway_invoke_lambda"
                    ],
                    "primary": {
                        "id": "gateway_invoke_lambda:invoke_lambda",
                        "attributes": {
                            "id": "gateway_invoke_lambda:invoke_lambda",
                            "name": "invoke_lambda",
                            "policy": "{\n  \"Version\": \"2012-10-17\",\n  \"Statement\": [\n    {\n      \"Effect\": \"Allow\",\n      \"Resource\": [\n        \"*\"\n      ],\n      \"Action\": [\n        \"lambda:InvokeFunction\"\n      ]\n    }\n  ]\n}\n",
                            "role": "gateway_invoke_lambda"
                        }
                    }
                }
            }
        }
    ]
}
